
Microsoft Visual Studio Solution File, Format Version 12.00
# Visual Studio 15
VisualStudioVersion = 15.0.27130.2003
MinimumVisualStudioVersion = 10.0.40219.1
Project("{FAE04EC0-301F-11D3-BF4B-00C04F79EFBC}") = "ProjetoMedico", "ProjetoMedico\ProjetoMedico.csproj", "{7B6EBD20-A060-4947-9D6C-2D49748661E1}"
EndProject
Global
	GlobalSection(SolutionConfigurationPlatforms) = preSolution
		Debug|Any CPU = Debug|Any CPU
		Release|Any CPU = Release|Any CPU
	EndGlobalSection
	GlobalSection(ProjectConfigurationPlatforms) = postSolution
		{7B6EBD20-A060-4947-9D6C-2D49748661E1}.Debug|Any CPU.ActiveCfg = Debug|Any CPU
		{7B6EBD20-A060-4947-9D6C-2D49748661E1}.Debug|Any CPU.Build.0 = Debug|Any CPU
		{7B6EBD20-A060-4947-9D6C-2D49748661E1}.Release|Any CPU.ActiveCfg = Release|Any CPU
		{7B6EBD20-A060-4947-9D6C-2D49748661E1}.Release|Any CPU.Build.0 = Release|Any CPU
	EndGlobalSection
	GlobalSection(SolutionProperties) = preSolution
		HideSolutionNode = FALSE
	EndGlobalSection
	GlobalSection(ExtensibilityGlobals) = postSolution
		SolutionGuid = {CB046FAB-7510-4A5A-A6A9-410037F63926}
	EndGlobalSection
EndGlobal
